
Microsoft Visual Studio Solution File, Format Version 12.00
# Visual Studio Version 17
VisualStudioVersion = 17.5.33530.505
MinimumVisualStudioVersion = 10.0.40219.1
Project("{FAE04EC0-301F-11D3-BF4B-00C04F79EFBC}") = "TEXT_RPG", "TEXT_RPG.csproj", "{1EED1D4C-71F6-4A04-9D87-BF7ED3503B69}"
EndProject
Global
	GlobalSection(SolutionConfigurationPlatforms) = preSolution
		Debug|Any CPU = Debug|Any CPU
		Release|Any CPU = Release|Any CPU
	EndGlobalSection
	GlobalSection(ProjectConfigurationPlatforms) = postSolution
		{1EED1D4C-71F6-4A04-9D87-BF7ED3503B69}.Debug|Any CPU.ActiveCfg = Debug|Any CPU
		{1EED1D4C-71F6-4A04-9D87-BF7ED3503B69}.Debug|Any CPU.Build.0 = Debug|Any CPU
		{1EED1D4C-71F6-4A04-9D87-BF7ED3503B69}.Release|Any CPU.ActiveCfg = Release|Any CPU
		{1EED1D4C-71F6-4A04-9D87-BF7ED3503B69}.Release|Any CPU.Build.0 = Release|Any CPU
	EndGlobalSection
	GlobalSection(SolutionProperties) = preSolution
		HideSolutionNode = FALSE
	EndGlobalSection
	GlobalSection(ExtensibilityGlobals) = postSolution
		SolutionGuid = {BF2FE042-7D81-466B-AED0-4C3108F6C5E7}
	EndGlobalSection
EndGlobal
